// !$*UTF8*$!
{
	archiveVersion = 1;
	classes = {
	};
	objectVersion = 45;
	objects = {

/* Begin PBXBuildFile section */
		1D3623260D0F684500981E51 /* SharedListAppDelegate.m in Sources */ = {isa = PBXBuildFile; fileRef = 1D3623250D0F684500981E51 /* SharedListAppDelegate.m */; };
		1D60589B0D05DD56006BFB54 /* main.m in Sources */ = {isa = PBXBuildFile; fileRef = 29B97316FDCFA39411CA2CEA /* main.m */; };
		1D60589F0D05DD5A006BFB54 /* Foundation.framework in Frameworks */ = {isa = PBXBuildFile; fileRef = 1D30AB110D05D00D00671497 /* Foundation.framework */; };
		1DF5F4E00D08C38300B7A737 /* UIKit.framework in Frameworks */ = {isa = PBXBuildFile; fileRef = 1DF5F4DF0D08C38300B7A737 /* UIKit.framework */; };
		282CCBFE0DB6C98000C4EA27 /* AccountSettings.xib in Resources */ = {isa = PBXBuildFile; fileRef = 282CCBFD0DB6C98000C4EA27 /* AccountSettings.xib */; };
		288765080DF74369002DB57D /* CoreGraphics.framework in Frameworks */ = {isa = PBXBuildFile; fileRef = 288765070DF74369002DB57D /* CoreGraphics.framework */; };
		28AD73880D9D96C1002E5188 /* MainWindow.xib in Resources */ = {isa = PBXBuildFile; fileRef = 28AD73870D9D96C1002E5188 /* MainWindow.xib */; };
		D007EB3610596672008B41C4 /* AccountSettingsController.m in Sources */ = {isa = PBXBuildFile; fileRef = D007EB3510596672008B41C4 /* AccountSettingsController.m */; };
		D007EB5010599366008B41C4 /* URLEncode.m in Sources */ = {isa = PBXBuildFile; fileRef = D007EB4F10599366008B41C4 /* URLEncode.m */; };
		D007EB991059A331008B41C4 /* NSObject+SBJSON.m in Sources */ = {isa = PBXBuildFile; fileRef = D007EB8E1059A331008B41C4 /* NSObject+SBJSON.m */; };
		D007EB9A1059A331008B41C4 /* NSString+SBJSON.m in Sources */ = {isa = PBXBuildFile; fileRef = D007EB901059A331008B41C4 /* NSString+SBJSON.m */; };
		D007EB9B1059A331008B41C4 /* SBJSON.m in Sources */ = {isa = PBXBuildFile; fileRef = D007EB921059A331008B41C4 /* SBJSON.m */; };
		D007EB9C1059A331008B41C4 /* SBJsonBase.m in Sources */ = {isa = PBXBuildFile; fileRef = D007EB941059A331008B41C4 /* SBJsonBase.m */; };
		D007EB9D1059A331008B41C4 /* SBJsonParser.m in Sources */ = {isa = PBXBuildFile; fileRef = D007EB961059A331008B41C4 /* SBJsonParser.m */; };
		D007EB9E1059A331008B41C4 /* SBJsonWriter.m in Sources */ = {isa = PBXBuildFile; fileRef = D007EB981059A331008B41C4 /* SBJsonWriter.m */; };
		D08C9083105A60710053DA73 /* SetupSubview.xib in Resources */ = {isa = PBXBuildFile; fileRef = D08C9082105A60710053DA73 /* SetupSubview.xib */; };
		D08C909A105A653E0053DA73 /* ListsController.m in Sources */ = {isa = PBXBuildFile; fileRef = D08C9099105A653E0053DA73 /* ListsController.m */; };
		D08C90DC105A6CD40053DA73 /* ItemList.m in Sources */ = {isa = PBXBuildFile; fileRef = D08C90DB105A6CD40053DA73 /* ItemList.m */; };
		D08C915F105A89800053DA73 /* ListItemsController.m in Sources */ = {isa = PBXBuildFile; fileRef = D08C915E105A89800053DA73 /* ListItemsController.m */; };
		D08C918F105A8F860053DA73 /* Item.m in Sources */ = {isa = PBXBuildFile; fileRef = D08C918E105A8F860053DA73 /* Item.m */; };
		D08C92E3105ABA7D0053DA73 /* AddListController.m in Sources */ = {isa = PBXBuildFile; fileRef = D08C92E1105ABA7D0053DA73 /* AddListController.m */; };
		D08C92E4105ABA7D0053DA73 /* AddList.xib in Resources */ = {isa = PBXBuildFile; fileRef = D08C92E2105ABA7D0053DA73 /* AddList.xib */; };
		D0CA9FB2105AF45F00C5D610 /* AddListItemController.m in Sources */ = {isa = PBXBuildFile; fileRef = D0CA9FB1105AF45F00C5D610 /* AddListItemController.m */; };
		D0CA9FB4105AF78200C5D610 /* AddListItem.xib in Resources */ = {isa = PBXBuildFile; fileRef = D0CA9FB3105AF78200C5D610 /* AddListItem.xib */; };
		D0CAA14E105BD76200C5D610 /* AddressBook.framework in Frameworks */ = {isa = PBXBuildFile; fileRef = D0CAA14D105BD76200C5D610 /* AddressBook.framework */; };
		D0CAA1FA105C0A7900C5D610 /* AddressBookUI.framework in Frameworks */ = {isa = PBXBuildFile; fileRef = D0CAA1F9105C0A7900C5D610 /* AddressBookUI.framework */; };
		D0D36DB8105C5298002BA818 /* Icon.png in Resources */ = {isa = PBXBuildFile; fileRef = D0D36DB7105C5298002BA818 /* Icon.png */; };
/* End PBXBuildFile section */

/* Begin PBXFileReference section */
		1D30AB110D05D00D00671497 /* Foundation.framework */ = {isa = PBXFileReference; lastKnownFileType = wrapper.framework; name = Foundation.framework; path = System/Library/Frameworks/Foundation.framework; sourceTree = SDKROOT; };
		1D3623240D0F684500981E51 /* SharedListAppDelegate.h */ = {isa = PBXFileReference; fileEncoding = 4; lastKnownFileType = sourcecode.c.h; path = SharedListAppDelegate.h; sourceTree = "<group>"; };
		1D3623250D0F684500981E51 /* SharedListAppDelegate.m */ = {isa = PBXFileReference; fileEncoding = 4; lastKnownFileType = sourcecode.c.objc; path = SharedListAppDelegate.m; sourceTree = "<group>"; };
		1D6058910D05DD3D006BFB54 /* Listable.app */ = {isa = PBXFileReference; explicitFileType = wrapper.application; includeInIndex = 0; path = Listable.app; sourceTree = BUILT_PRODUCTS_DIR; };
		1DF5F4DF0D08C38300B7A737 /* UIKit.framework */ = {isa = PBXFileReference; lastKnownFileType = wrapper.framework; name = UIKit.framework; path = System/Library/Frameworks/UIKit.framework; sourceTree = SDKROOT; };
		282CCBFD0DB6C98000C4EA27 /* AccountSettings.xib */ = {isa = PBXFileReference; lastKnownFileType = file.xib; path = AccountSettings.xib; sourceTree = "<group>"; };
		288765070DF74369002DB57D /* CoreGraphics.framework */ = {isa = PBXFileReference; lastKnownFileType = wrapper.framework; name = CoreGraphics.framework; path = System/Library/Frameworks/CoreGraphics.framework; sourceTree = SDKROOT; };
		28A0AB4B0D9B1048005BE974 /* SharedList_Prefix.pch */ = {isa = PBXFileReference; fileEncoding = 4; lastKnownFileType = sourcecode.c.h; path = SharedList_Prefix.pch; sourceTree = "<group>"; };
		28AD73870D9D96C1002E5188 /* MainWindow.xib */ = {isa = PBXFileReference; lastKnownFileType = file.xib; path = MainWindow.xib; sourceTree = "<group>"; };
		29B97316FDCFA39411CA2CEA /* main.m */ = {isa = PBXFileReference; fileEncoding = 4; lastKnownFileType = sourcecode.c.objc; path = main.m; sourceTree = "<group>"; };
		8D1107310486CEB800E47090 /* SharedList-Info.plist */ = {isa = PBXFileReference; fileEncoding = 4; lastKnownFileType = text.plist.xml; path = "SharedList-Info.plist"; plistStructureDefinitionIdentifier = "com.apple.xcode.plist.structure-definition.iphone.info-plist"; sourceTree = "<group>"; };
		D007EB3410596672008B41C4 /* AccountSettingsController.h */ = {isa = PBXFileReference; fileEncoding = 4; lastKnownFileType = sourcecode.c.h; path = AccountSettingsController.h; sourceTree = "<group>"; };
		D007EB3510596672008B41C4 /* AccountSettingsController.m */ = {isa = PBXFileReference; fileEncoding = 4; lastKnownFileType = sourcecode.c.objc; path = AccountSettingsController.m; sourceTree = "<group>"; };
		D007EB4E10599366008B41C4 /* URLEncode.h */ = {isa = PBXFileReference; fileEncoding = 4; lastKnownFileType = sourcecode.c.h; path = URLEncode.h; sourceTree = "<group>"; };
		D007EB4F10599366008B41C4 /* URLEncode.m */ = {isa = PBXFileReference; fileEncoding = 4; lastKnownFileType = sourcecode.c.objc; path = URLEncode.m; sourceTree = "<group>"; };
		D007EB8C1059A331008B41C4 /* JSON.h */ = {isa = PBXFileReference; fileEncoding = 4; lastKnownFileType = sourcecode.c.h; path = JSON.h; sourceTree = "<group>"; };
		D007EB8D1059A331008B41C4 /* NSObject+SBJSON.h */ = {isa = PBXFileReference; fileEncoding = 4; lastKnownFileType = sourcecode.c.h; path = "NSObject+SBJSON.h"; sourceTree = "<group>"; };
		D007EB8E1059A331008B41C4 /* NSObject+SBJSON.m */ = {isa = PBXFileReference; fileEncoding = 4; lastKnownFileType = sourcecode.c.objc; path = "NSObject+SBJSON.m"; sourceTree = "<group>"; };
		D007EB8F1059A331008B41C4 /* NSString+SBJSON.h */ = {isa = PBXFileReference; fileEncoding = 4; lastKnownFileType = sourcecode.c.h; path = "NSString+SBJSON.h"; sourceTree = "<group>"; };
		D007EB901059A331008B41C4 /* NSString+SBJSON.m */ = {isa = PBXFileReference; fileEncoding = 4; lastKnownFileType = sourcecode.c.objc; path = "NSString+SBJSON.m"; sourceTree = "<group>"; };
		D007EB911059A331008B41C4 /* SBJSON.h */ = {isa = PBXFileReference; fileEncoding = 4; lastKnownFileType = sourcecode.c.h; path = SBJSON.h; sourceTree = "<group>"; };
		D007EB921059A331008B41C4 /* SBJSON.m */ = {isa = PBXFileReference; fileEncoding = 4; lastKnownFileType = sourcecode.c.objc; path = SBJSON.m; sourceTree = "<group>"; };
		D007EB931059A331008B41C4 /* SBJsonBase.h */ = {isa = PBXFileReference; fileEncoding = 4; lastKnownFileType = sourcecode.c.h; path = SBJsonBase.h; sourceTree = "<group>"; };
		D007EB941059A331008B41C4 /* SBJsonBase.m */ = {isa = PBXFileReference; fileEncoding = 4; lastKnownFileType = sourcecode.c.objc; path = SBJsonBase.m; sourceTree = "<group>"; };
		D007EB951059A331008B41C4 /* SBJsonParser.h */ = {isa = PBXFileReference; fileEncoding = 4; lastKnownFileType = sourcecode.c.h; path = SBJsonParser.h; sourceTree = "<group>"; };
		D007EB961059A331008B41C4 /* SBJsonParser.m */ = {isa = PBXFileReference; fileEncoding = 4; lastKnownFileType = sourcecode.c.objc; path = SBJsonParser.m; sourceTree = "<group>"; };
		D007EB971059A331008B41C4 /* SBJsonWriter.h */ = {isa = PBXFileReference; fileEncoding = 4; lastKnownFileType = sourcecode.c.h; path = SBJsonWriter.h; sourceTree = "<group>"; };
		D007EB981059A331008B41C4 /* SBJsonWriter.m */ = {isa = PBXFileReference; fileEncoding = 4; lastKnownFileType = sourcecode.c.objc; path = SBJsonWriter.m; sourceTree = "<group>"; };
		D08C9082105A60710053DA73 /* SetupSubview.xib */ = {isa = PBXFileReference; lastKnownFileType = file.xib; path = SetupSubview.xib; sourceTree = "<group>"; };
		D08C9098105A653E0053DA73 /* ListsController.h */ = {isa = PBXFileReference; fileEncoding = 4; lastKnownFileType = sourcecode.c.h; path = ListsController.h; sourceTree = "<group>"; };
		D08C9099105A653E0053DA73 /* ListsController.m */ = {isa = PBXFileReference; fileEncoding = 4; lastKnownFileType = sourcecode.c.objc; path = ListsController.m; sourceTree = "<group>"; };
		D08C90DA105A6CD40053DA73 /* ItemList.h */ = {isa = PBXFileReference; fileEncoding = 4; lastKnownFileType = sourcecode.c.h; path = ItemList.h; sourceTree = "<group>"; };
		D08C90DB105A6CD40053DA73 /* ItemList.m */ = {isa = PBXFileReference; fileEncoding = 4; lastKnownFileType = sourcecode.c.objc; path = ItemList.m; sourceTree = "<group>"; };
		D08C915D105A89800053DA73 /* ListItemsController.h */ = {isa = PBXFileReference; fileEncoding = 4; lastKnownFileType = sourcecode.c.h; path = ListItemsController.h; sourceTree = "<group>"; };
		D08C915E105A89800053DA73 /* ListItemsController.m */ = {isa = PBXFileReference; fileEncoding = 4; lastKnownFileType = sourcecode.c.objc; path = ListItemsController.m; sourceTree = "<group>"; };
		D08C918D105A8F860053DA73 /* Item.h */ = {isa = PBXFileReference; fileEncoding = 4; lastKnownFileType = sourcecode.c.h; path = Item.h; sourceTree = "<group>"; };
		D08C918E105A8F860053DA73 /* Item.m */ = {isa = PBXFileReference; fileEncoding = 4; lastKnownFileType = sourcecode.c.objc; path = Item.m; sourceTree = "<group>"; };
		D08C92E0105ABA7D0053DA73 /* AddListController.h */ = {isa = PBXFileReference; fileEncoding = 4; lastKnownFileType = sourcecode.c.h; path = AddListController.h; sourceTree = "<group>"; };
		D08C92E1105ABA7D0053DA73 /* AddListController.m */ = {isa = PBXFileReference; fileEncoding = 4; lastKnownFileType = sourcecode.c.objc; path = AddListController.m; sourceTree = "<group>"; };
		D08C92E2105ABA7D0053DA73 /* AddList.xib */ = {isa = PBXFileReference; lastKnownFileType = file.xib; path = AddList.xib; sourceTree = "<group>"; };
		D0CA9FB0105AF45F00C5D610 /* AddListItemController.h */ = {isa = PBXFileReference; fileEncoding = 4; lastKnownFileType = sourcecode.c.h; path = AddListItemController.h; sourceTree = "<group>"; };
		D0CA9FB1105AF45F00C5D610 /* AddListItemController.m */ = {isa = PBXFileReference; fileEncoding = 4; lastKnownFileType = sourcecode.c.objc; path = AddListItemController.m; sourceTree = "<group>"; };
		D0CA9FB3105AF78200C5D610 /* AddListItem.xib */ = {isa = PBXFileReference; lastKnownFileType = file.xib; path = AddListItem.xib; sourceTree = "<group>"; };
		D0CAA0A2105B4F7300C5D610 /* Constants.h */ = {isa = PBXFileReference; fileEncoding = 4; lastKnownFileType = sourcecode.c.h; path = Constants.h; sourceTree = "<group>"; };
		D0CAA14D105BD76200C5D610 /* AddressBook.framework */ = {isa = PBXFileReference; lastKnownFileType = wrapper.framework; name = AddressBook.framework; path = /System/Library/Frameworks/AddressBook.framework; sourceTree = "<absolute>"; };
		D0CAA1F9105C0A7900C5D610 /* AddressBookUI.framework */ = {isa = PBXFileReference; lastKnownFileType = wrapper.framework; name = AddressBookUI.framework; path = System/Library/Frameworks/AddressBookUI.framework; sourceTree = SDKROOT; };
		D0D36DB7105C5298002BA818 /* Icon.png */ = {isa = PBXFileReference; lastKnownFileType = image.png; path = Icon.png; sourceTree = "<group>"; };
/* End PBXFileReference section */

/* Begin PBXFrameworksBuildPhase section */
		1D60588F0D05DD3D006BFB54 /* Frameworks */ = {
			isa = PBXFrameworksBuildPhase;
			buildActionMask = 2147483647;
			files = (
				1D60589F0D05DD5A006BFB54 /* Foundation.framework in Frameworks */,
				1DF5F4E00D08C38300B7A737 /* UIKit.framework in Frameworks */,
				288765080DF74369002DB57D /* CoreGraphics.framework in Frameworks */,
				D0CAA14E105BD76200C5D610 /* AddressBook.framework in Frameworks */,
				D0CAA1FA105C0A7900C5D610 /* AddressBookUI.framework in Frameworks */,
			);
			runOnlyForDeploymentPostprocessing = 0;
		};
/* End PBXFrameworksBuildPhase section */

/* Begin PBXGroup section */
		080E96DDFE201D6D7F000001 /* Classes */ = {
			isa = PBXGroup;
			children = (
				D007EB8B1059A331008B41C4 /* JSON */,
				1D3623240D0F684500981E51 /* SharedListAppDelegate.h */,
				1D3623250D0F684500981E51 /* SharedListAppDelegate.m */,
				D007EB3410596672008B41C4 /* AccountSettingsController.h */,
				D007EB3510596672008B41C4 /* AccountSettingsController.m */,
				D007EB4E10599366008B41C4 /* URLEncode.h */,
				D007EB4F10599366008B41C4 /* URLEncode.m */,
				D08C9098105A653E0053DA73 /* ListsController.h */,
				D08C9099105A653E0053DA73 /* ListsController.m */,
				D08C90DA105A6CD40053DA73 /* ItemList.h */,
				D08C90DB105A6CD40053DA73 /* ItemList.m */,
				D08C915D105A89800053DA73 /* ListItemsController.h */,
				D08C915E105A89800053DA73 /* ListItemsController.m */,
				D08C918D105A8F860053DA73 /* Item.h */,
				D08C918E105A8F860053DA73 /* Item.m */,
				D08C92E0105ABA7D0053DA73 /* AddListController.h */,
				D08C92E1105ABA7D0053DA73 /* AddListController.m */,
				D08C92E2105ABA7D0053DA73 /* AddList.xib */,
				D0CA9FB0105AF45F00C5D610 /* AddListItemController.h */,
				D0CA9FB1105AF45F00C5D610 /* AddListItemController.m */,
				D0CAA0A2105B4F7300C5D610 /* Constants.h */,
			);
			path = Classes;
			sourceTree = "<group>";
		};
		19C28FACFE9D520D11CA2CBB /* Products */ = {
			isa = PBXGroup;
			children = (
				1D6058910D05DD3D006BFB54 /* Listable.app */,
			);
			name = Products;
			sourceTree = "<group>";
		};
		29B97314FDCFA39411CA2CEA /* SharedList */ = {
			isa = PBXGroup;
			children = (
				D0D36DB7105C5298002BA818 /* Icon.png */,
				080E96DDFE201D6D7F000001 /* Classes */,
				29B97315FDCFA39411CA2CEA /* Other Sources */,
				29B97317FDCFA39411CA2CEA /* Resources */,
				29B97323FDCFA39411CA2CEA /* Frameworks */,
				19C28FACFE9D520D11CA2CBB /* Products */,
				D08C9082105A60710053DA73 /* SetupSubview.xib */,
				D0CA9FB3105AF78200C5D610 /* AddListItem.xib */,
			);
			name = SharedList;
			sourceTree = "<group>";
		};
		29B97315FDCFA39411CA2CEA /* Other Sources */ = {
			isa = PBXGroup;
			children = (
				28A0AB4B0D9B1048005BE974 /* SharedList_Prefix.pch */,
				29B97316FDCFA39411CA2CEA /* main.m */,
			);
			name = "Other Sources";
			sourceTree = "<group>";
		};
		29B97317FDCFA39411CA2CEA /* Resources */ = {
			isa = PBXGroup;
			children = (
				282CCBFD0DB6C98000C4EA27 /* AccountSettings.xib */,
				28AD73870D9D96C1002E5188 /* MainWindow.xib */,
				8D1107310486CEB800E47090 /* SharedList-Info.plist */,
			);
			name = Resources;
			sourceTree = "<group>";
		};
		29B97323FDCFA39411CA2CEA /* Frameworks */ = {
			isa = PBXGroup;
			children = (
				1DF5F4DF0D08C38300B7A737 /* UIKit.framework */,
				1D30AB110D05D00D00671497 /* Foundation.framework */,
				288765070DF74369002DB57D /* CoreGraphics.framework */,
				D0CAA14D105BD76200C5D610 /* AddressBook.framework */,
				D0CAA1F9105C0A7900C5D610 /* AddressBookUI.framework */,
			);
			name = Frameworks;
			sourceTree = "<group>";
		};
		D007EB8B1059A331008B41C4 /* JSON */ = {
			isa = PBXGroup;
			children = (
				D007EB8C1059A331008B41C4 /* JSON.h */,
				D007EB8D1059A331008B41C4 /* NSObject+SBJSON.h */,
				D007EB8E1059A331008B41C4 /* NSObject+SBJSON.m */,
				D007EB8F1059A331008B41C4 /* NSString+SBJSON.h */,
				D007EB901059A331008B41C4 /* NSString+SBJSON.m */,
				D007EB911059A331008B41C4 /* SBJSON.h */,
				D007EB921059A331008B41C4 /* SBJSON.m */,
				D007EB931059A331008B41C4 /* SBJsonBase.h */,
				D007EB941059A331008B41C4 /* SBJsonBase.m */,
				D007EB951059A331008B41C4 /* SBJsonParser.h */,
				D007EB961059A331008B41C4 /* SBJsonParser.m */,
				D007EB971059A331008B41C4 /* SBJsonWriter.h */,
				D007EB981059A331008B41C4 /* SBJsonWriter.m */,
			);
			path = JSON;
			sourceTree = "<group>";
		};
/* End PBXGroup section */

/* Begin PBXNativeTarget section */
		1D6058900D05DD3D006BFB54 /* Listable */ = {
			isa = PBXNativeTarget;
			buildConfigurationList = 1D6058960D05DD3E006BFB54 /* Build configuration list for PBXNativeTarget "Listable" */;
			buildPhases = (
				1D60588D0D05DD3D006BFB54 /* Resources */,
				1D60588E0D05DD3D006BFB54 /* Sources */,
				1D60588F0D05DD3D006BFB54 /* Frameworks */,
			);
			buildRules = (
			);
			dependencies = (
			);
			name = Listable;
			productName = SharedList;
			productReference = 1D6058910D05DD3D006BFB54 /* Listable.app */;
			productType = "com.apple.product-type.application";
		};
/* End PBXNativeTarget section */

/* Begin PBXProject section */
		29B97313FDCFA39411CA2CEA /* Project object */ = {
			isa = PBXProject;
			buildConfigurationList = C01FCF4E08A954540054247B /* Build configuration list for PBXProject "Listable" */;
			compatibilityVersion = "Xcode 3.1";
			hasScannedForEncodings = 1;
			mainGroup = 29B97314FDCFA39411CA2CEA /* SharedList */;
			projectDirPath = "";
			projectRoot = "";
			targets = (
				1D6058900D05DD3D006BFB54 /* Listable */,
			);
		};
/* End PBXProject section */

/* Begin PBXResourcesBuildPhase section */
		1D60588D0D05DD3D006BFB54 /* Resources */ = {
			isa = PBXResourcesBuildPhase;
			buildActionMask = 2147483647;
			files = (
				28AD73880D9D96C1002E5188 /* MainWindow.xib in Resources */,
				282CCBFE0DB6C98000C4EA27 /* AccountSettings.xib in Resources */,
				D08C9083105A60710053DA73 /* SetupSubview.xib in Resources */,
				D08C92E4105ABA7D0053DA73 /* AddList.xib in Resources */,
				D0CA9FB4105AF78200C5D610 /* AddListItem.xib in Resources */,
				D0D36DB8105C5298002BA818 /* Icon.png in Resources */,
			);
			runOnlyForDeploymentPostprocessing = 0;
		};
/* End PBXResourcesBuildPhase section */

/* Begin PBXSourcesBuildPhase section */
		1D60588E0D05DD3D006BFB54 /* Sources */ = {
			isa = PBXSourcesBuildPhase;
			buildActionMask = 2147483647;
			files = (
				1D60589B0D05DD56006BFB54 /* main.m in Sources */,
				1D3623260D0F684500981E51 /* SharedListAppDelegate.m in Sources */,
				D007EB3610596672008B41C4 /* AccountSettingsController.m in Sources */,
				D007EB5010599366008B41C4 /* URLEncode.m in Sources */,
				D007EB991059A331008B41C4 /* NSObject+SBJSON.m in Sources */,
				D007EB9A1059A331008B41C4 /* NSString+SBJSON.m in Sources */,
				D007EB9B1059A331008B41C4 /* SBJSON.m in Sources */,
				D007EB9C1059A331008B41C4 /* SBJsonBase.m in Sources */,
				D007EB9D1059A331008B41C4 /* SBJsonParser.m in Sources */,
				D007EB9E1059A331008B41C4 /* SBJsonWriter.m in Sources */,
				D08C909A105A653E0053DA73 /* ListsController.m in Sources */,
				D08C90DC105A6CD40053DA73 /* ItemList.m in Sources */,
				D08C915F105A89800053DA73 /* ListItemsController.m in Sources */,
				D08C918F105A8F860053DA73 /* Item.m in Sources */,
				D08C92E3105ABA7D0053DA73 /* AddListController.m in Sources */,
				D0CA9FB2105AF45F00C5D610 /* AddListItemController.m in Sources */,
			);
			runOnlyForDeploymentPostprocessing = 0;
		};
/* End PBXSourcesBuildPhase section */

/* Begin XCBuildConfiguration section */
		1D6058940D05DD3E006BFB54 /* Debug */ = {
			isa = XCBuildConfiguration;
			buildSettings = {
				ALWAYS_SEARCH_USER_PATHS = NO;
				CODE_SIGN_IDENTITY = "iPhone Developer";
				"CODE_SIGN_IDENTITY[sdk=iphoneos*]" = "iPhone Developer";
				COPY_PHASE_STRIP = NO;
				GCC_DYNAMIC_NO_PIC = NO;
				GCC_OPTIMIZATION_LEVEL = 0;
				GCC_PRECOMPILE_PREFIX_HEADER = YES;
				GCC_PREFIX_HEADER = Listable_Prefix.pch;
				INFOPLIST_FILE = "Listable-Info.plist";
				PRODUCT_NAME = Listable;
				PROVISIONING_PROFILE = "";
				"PROVISIONING_PROFILE[sdk=iphoneos*]" = "";
			};
			name = Debug;
		};
		1D6058950D05DD3E006BFB54 /* Release */ = {
			isa = XCBuildConfiguration;
			buildSettings = {
				ALWAYS_SEARCH_USER_PATHS = NO;
				COPY_PHASE_STRIP = YES;
				GCC_PRECOMPILE_PREFIX_HEADER = YES;
				GCC_PREFIX_HEADER = SharedList_Prefix.pch;
				INFOPLIST_FILE = "SharedList-Info.plist";
				PRODUCT_NAME = SharedList;
			};
			name = Release;
		};
		C01FCF4F08A954540054247B /* Debug */ = {
			isa = XCBuildConfiguration;
			buildSettings = {
				ARCHS = "$(ARCHS_STANDARD_32_BIT)";
				"CODE_SIGN_IDENTITY[sdk=iphoneos*]" = "iPhone Developer";
				GCC_C_LANGUAGE_STANDARD = c99;
				GCC_WARN_ABOUT_RETURN_TYPE = YES;
				GCC_WARN_UNUSED_VARIABLE = YES;
				PREBINDING = NO;
				SDKROOT = iphoneos3.1;
			};
			name = Debug;
		};
		C01FCF5008A954540054247B /* Release */ = {
			isa = XCBuildConfiguration;
			buildSettings = {
				ARCHS = "$(ARCHS_STANDARD_32_BIT)";
				"CODE_SIGN_IDENTITY[sdk=iphoneos*]" = "iPhone Developer";
				GCC_C_LANGUAGE_STANDARD = c99;
				GCC_WARN_ABOUT_RETURN_TYPE = YES;
				GCC_WARN_UNUSED_VARIABLE = YES;
				PREBINDING = NO;
				SDKROOT = iphoneos3.1;
			};
			name = Release;
		};
/* End XCBuildConfiguration section */

/* Begin XCConfigurationList section */
		1D6058960D05DD3E006BFB54 /* Build configuration list for PBXNativeTarget "Listable" */ = {
			isa = XCConfigurationList;
			buildConfigurations = (
				1D6058940D05DD3E006BFB54 /* Debug */,
				1D6058950D05DD3E006BFB54 /* Release */,
			);
			defaultConfigurationIsVisible = 0;
			defaultConfigurationName = Release;
		};
		C01FCF4E08A954540054247B /* Build configuration list for PBXProject "Listable" */ = {
			isa = XCConfigurationList;
			buildConfigurations = (
				C01FCF4F08A954540054247B /* Debug */,
				C01FCF5008A954540054247B /* Release */,
			);
			defaultConfigurationIsVisible = 0;
			defaultConfigurationName = Release;
		};
/* End XCConfigurationList section */
	};
	rootObject = 29B97313FDCFA39411CA2CEA /* Project object */;
}
