// !$*UTF8*$!
{
	archiveVersion = 1;
	classes = {
	};
	objectVersion = 45;
	objects = {

/* Begin PBXBuildFile section */
		1D3623260D0F684500981E51 /* SharedListAppDelegate.m in Sources */ = {isa = PBXBuildFile; fileRef = 1D3623250D0F684500981E51 /* SharedListAppDelegate.m */; };
		1D60589B0D05DD56006BFB54 /* main.m in Sources */ = {isa = PBXBuildFile; fileRef = 29B97316FDCFA39411CA2CEA /* main.m */; };
		1D60589F0D05DD5A006BFB54 /* Foundation.framework in Frameworks */ = {isa = PBXBuildFile; fileRef = 1D30AB110D05D00D00671497 /* Foundation.framework */; };
		1DF5F4E00D08C38300B7A737 /* UIKit.framework in Frameworks */ = {isa = PBXBuildFile; fileRef = 1DF5F4DF0D08C38300B7A737 /* UIKit.framework */; };
		282CCBFE0DB6C98000C4EA27 /* AccountSettings.xib in Resources */ = {isa = PBXBuildFile; fileRef = 282CCBFD0DB6C98000C4EA27 /* AccountSettings.xib */; };
		288765080DF74369002DB57D /* CoreGraphics.framework in Frameworks */ = {isa = PBXBuildFile; fileRef = 288765070DF74369002DB57D /* CoreGraphics.framework */; };
		28AD73880D9D96C1002E5188 /* MainWindow.xib in Resources */ = {isa = PBXBuildFile; fileRef = 28AD73870D9D96C1002E5188 /* MainWindow.xib */; };
		D007EB3610596672008B41C4 /* AccountSettingsController.m in Sources */ = {isa = PBXBuildFile; fileRef = D007EB3510596672008B41C4 /* AccountSettingsController.m */; };
		D007EB5010599366008B41C4 /* URLEncode.m in Sources */ = {isa = PBXBuildFile; fileRef = D007EB4F10599366008B41C4 /* URLEncode.m */; };
		D007EB991059A331008B41C4 /* NSObject+SBJSON.m in Sources */ = {isa = PBXBuildFile; fileRef = D007EB8E1059A331008B41C4 /* NSObject+SBJSON.m */; };
		D007EB9A1059A331008B41C4 /* NSString+SBJSON.m in Sources */ = {isa = PBXBuildFile; fileRef = D007EB901059A331008B41C4 /* NSString+SBJSON.m */; };
		D007EB9B1059A331008B41C4 /* SBJSON.m in Sources */ = {isa = PBXBuildFile; fileRef = D007EB921059A331008B41C4 /* SBJSON.m */; };
		D007EB9C1059A331008B41C4 /* SBJsonBase.m in Sources */ = {isa = PBXBuildFile; fileRef = D007EB941059A331008B41C4 /* SBJsonBase.m */; };
		D007EB9D1059A331008B41C4 /* SBJsonParser.m in Sources */ = {isa = PBXBuildFile; fileRef = D007EB961059A331008B41C4 /* SBJsonParser.m */; };
		D007EB9E1059A331008B41C4 /* SBJsonWriter.m in Sources */ = {isa = PBXBuildFile; fileRef = D007EB981059A331008B41C4 /* SBJsonWriter.m */; };
		D023AC551064EA18000CA1E7 /* ItemDetail.xib in Resources */ = {isa = PBXBuildFile; fileRef = D023AC541064EA18000CA1E7 /* ItemDetail.xib */; };
		D023AC5A1064EC04000CA1E7 /* ItemDetailController.m in Sources */ = {isa = PBXBuildFile; fileRef = D023AC591064EC04000CA1E7 /* ItemDetailController.m */; };
		D026A01110640B1B00DC8BE5 /* ToggleImageControl.m in Sources */ = {isa = PBXBuildFile; fileRef = D026A01010640B1B00DC8BE5 /* ToggleImageControl.m */; };
		D026A036106419EE00DC8BE5 /* ListItemCustomCell.m in Sources */ = {isa = PBXBuildFile; fileRef = D026A035106419EE00DC8BE5 /* ListItemCustomCell.m */; };
		D026A03810641A3900DC8BE5 /* ListItemCustomCell.xib in Resources */ = {isa = PBXBuildFile; fileRef = D026A03710641A3900DC8BE5 /* ListItemCustomCell.xib */; };
		D0480501106EA0D000C5CD5B /* DarkerButtonBackgroundRed.png in Resources */ = {isa = PBXBuildFile; fileRef = D0480500106EA0D000C5CD5B /* DarkerButtonBackgroundRed.png */; };
		D0480550106EAA7000C5CD5B /* checked_larger.png in Resources */ = {isa = PBXBuildFile; fileRef = D048054C106EAA6F00C5CD5B /* checked_larger.png */; };
		D0480552106EAA7000C5CD5B /* unchecked_larger.png in Resources */ = {isa = PBXBuildFile; fileRef = D048054E106EAA6F00C5CD5B /* unchecked_larger.png */; };
		D0480584106EBBA500C5CD5B /* Icon.png in Resources */ = {isa = PBXBuildFile; fileRef = D0480583106EBBA500C5CD5B /* Icon.png */; };
		D05FFA4C106BB54F001E1839 /* Pencil.png in Resources */ = {isa = PBXBuildFile; fileRef = D05FFA4A106BB54F001E1839 /* Pencil.png */; };
		D05FFA4D106BB54F001E1839 /* Users.png in Resources */ = {isa = PBXBuildFile; fileRef = D05FFA4B106BB54F001E1839 /* Users.png */; };
		D05FFA6B106BBB16001E1839 /* CustomButton.m in Sources */ = {isa = PBXBuildFile; fileRef = D05FFA6A106BBB16001E1839 /* CustomButton.m */; };
		D05FFA6E106BBB84001E1839 /* custombuttonnormal.png in Resources */ = {isa = PBXBuildFile; fileRef = D05FFA6C106BBB84001E1839 /* custombuttonnormal.png */; };
		D05FFA6F106BBB84001E1839 /* custombuttonpressed.png in Resources */ = {isa = PBXBuildFile; fileRef = D05FFA6D106BBB84001E1839 /* custombuttonpressed.png */; };
		D05FFAA8106BC994001E1839 /* blueButton.png in Resources */ = {isa = PBXBuildFile; fileRef = D05FFAA7106BC994001E1839 /* blueButton.png */; };
		D05FFAD4106BCC04001E1839 /* CancelTest.png in Resources */ = {isa = PBXBuildFile; fileRef = D05FFAD3106BCC04001E1839 /* CancelTest.png */; };
		D05FFB00106BD38E001E1839 /* DarkerButtonBackground.png in Resources */ = {isa = PBXBuildFile; fileRef = D05FFAFF106BD38E001E1839 /* DarkerButtonBackground.png */; };
		D05FFB20106BD93A001E1839 /* PencilDark.png in Resources */ = {isa = PBXBuildFile; fileRef = D05FFB1F106BD93A001E1839 /* PencilDark.png */; };
		D06AF04210652A8800E076CF /* ShakeableTableView.m in Sources */ = {isa = PBXBuildFile; fileRef = D06AF04110652A8800E076CF /* ShakeableTableView.m */; };
		D06AF1791065481400E076CF /* EditListController.m in Sources */ = {isa = PBXBuildFile; fileRef = D06AF1771065481400E076CF /* EditListController.m */; };
		D06AF17A1065481400E076CF /* EditListController.xib in Resources */ = {isa = PBXBuildFile; fileRef = D06AF1781065481400E076CF /* EditListController.xib */; };
		D07465A7105C72A600077F03 /* EmailSelectionController.m in Sources */ = {isa = PBXBuildFile; fileRef = D07465A6105C72A600077F03 /* EmailSelectionController.m */; };
		D08C909A105A653E0053DA73 /* ListsController.m in Sources */ = {isa = PBXBuildFile; fileRef = D08C9099105A653E0053DA73 /* ListsController.m */; };
		D08C90DC105A6CD40053DA73 /* ItemList.m in Sources */ = {isa = PBXBuildFile; fileRef = D08C90DB105A6CD40053DA73 /* ItemList.m */; };
		D08C915F105A89800053DA73 /* ListItemsController.m in Sources */ = {isa = PBXBuildFile; fileRef = D08C915E105A89800053DA73 /* ListItemsController.m */; };
		D08C918F105A8F860053DA73 /* Item.m in Sources */ = {isa = PBXBuildFile; fileRef = D08C918E105A8F860053DA73 /* Item.m */; };
		D08C92E3105ABA7D0053DA73 /* AddListController.m in Sources */ = {isa = PBXBuildFile; fileRef = D08C92E1105ABA7D0053DA73 /* AddListController.m */; };
		D08C92E4105ABA7D0053DA73 /* AddList.xib in Resources */ = {isa = PBXBuildFile; fileRef = D08C92E2105ABA7D0053DA73 /* AddList.xib */; };
		D0AADB8A105E6C6000652E19 /* Entitlements.plist in Resources */ = {isa = PBXBuildFile; fileRef = D0AADB89105E6C6000652E19 /* Entitlements.plist */; };
		D0AADCE110600A5D00652E19 /* CollaboratorsController.m in Sources */ = {isa = PBXBuildFile; fileRef = D0AADCE010600A5D00652E19 /* CollaboratorsController.m */; };
		D0AADDB41060487200652E19 /* Collaborator.m in Sources */ = {isa = PBXBuildFile; fileRef = D0AADDB31060487200652E19 /* Collaborator.m */; };
		D0AAE014106198AF00652E19 /* StatusDisplay.m in Sources */ = {isa = PBXBuildFile; fileRef = D0AAE013106198AF00652E19 /* StatusDisplay.m */; };
		D0C54A7810657BFE0093DBA6 /* StringHelper.m in Sources */ = {isa = PBXBuildFile; fileRef = D0C54A7610657BFE0093DBA6 /* StringHelper.m */; };
		D0C54B1310658E340093DBA6 /* Default.png in Resources */ = {isa = PBXBuildFile; fileRef = D0C54B1210658E340093DBA6 /* Default.png */; };
		D0C54BE810666EFC0093DBA6 /* CurrentSessionController.m in Sources */ = {isa = PBXBuildFile; fileRef = D0C54BE610666EFC0093DBA6 /* CurrentSessionController.m */; };
		D0C54BE910666EFC0093DBA6 /* CurrentSessionController.xib in Resources */ = {isa = PBXBuildFile; fileRef = D0C54BE710666EFC0093DBA6 /* CurrentSessionController.xib */; };
		D0C54E331067C2440093DBA6 /* SystemConfiguration.framework in Frameworks */ = {isa = PBXBuildFile; fileRef = D0C54E321067C2440093DBA6 /* SystemConfiguration.framework */; };
		D0C54F771067FDA20093DBA6 /* UserSettings.m in Sources */ = {isa = PBXBuildFile; fileRef = D0C54F761067FDA20093DBA6 /* UserSettings.m */; };
		D0C551871068FB820093DBA6 /* TimedURLConnection.m in Sources */ = {isa = PBXBuildFile; fileRef = D0C551861068FB820093DBA6 /* TimedURLConnection.m */; };
		D0C940E31062DAA100C9B8EF /* AuthenticationChecker.m in Sources */ = {isa = PBXBuildFile; fileRef = D0C940E21062DAA100C9B8EF /* AuthenticationChecker.m */; };
		D0C941B4106307E700C9B8EF /* tabbar_key.png in Resources */ = {isa = PBXBuildFile; fileRef = D0C941B3106307E700C9B8EF /* tabbar_key.png */; };
		D0C941F1106314F200C9B8EF /* tabbar_checkmark.png in Resources */ = {isa = PBXBuildFile; fileRef = D0C941F0106314F200C9B8EF /* tabbar_checkmark.png */; };
		D0CA9FB2105AF45F00C5D610 /* AddListItemController.m in Sources */ = {isa = PBXBuildFile; fileRef = D0CA9FB1105AF45F00C5D610 /* AddListItemController.m */; };
		D0CA9FB4105AF78200C5D610 /* AddListItem.xib in Resources */ = {isa = PBXBuildFile; fileRef = D0CA9FB3105AF78200C5D610 /* AddListItem.xib */; };
		D0CAA14E105BD76200C5D610 /* AddressBook.framework in Frameworks */ = {isa = PBXBuildFile; fileRef = D0CAA14D105BD76200C5D610 /* AddressBook.framework */; };
		D0CAA1FA105C0A7900C5D610 /* AddressBookUI.framework in Frameworks */ = {isa = PBXBuildFile; fileRef = D0CAA1F9105C0A7900C5D610 /* AddressBookUI.framework */; };
		D0E52BA61088E76600580B51 /* rounded-text-border.png in Resources */ = {isa = PBXBuildFile; fileRef = D0E52BA51088E76600580B51 /* rounded-text-border.png */; };
/* End PBXBuildFile section */

/* Begin PBXFileReference section */
		1D30AB110D05D00D00671497 /* Foundation.framework */ = {isa = PBXFileReference; lastKnownFileType = wrapper.framework; name = Foundation.framework; path = System/Library/Frameworks/Foundation.framework; sourceTree = SDKROOT; };
		1D3623240D0F684500981E51 /* SharedListAppDelegate.h */ = {isa = PBXFileReference; fileEncoding = 4; lastKnownFileType = sourcecode.c.h; path = SharedListAppDelegate.h; sourceTree = "<group>"; };
		1D3623250D0F684500981E51 /* SharedListAppDelegate.m */ = {isa = PBXFileReference; fileEncoding = 4; lastKnownFileType = sourcecode.c.objc; path = SharedListAppDelegate.m; sourceTree = "<group>"; };
		1D6058910D05DD3D006BFB54 /* Listable.app */ = {isa = PBXFileReference; explicitFileType = wrapper.application; includeInIndex = 0; path = Listable.app; sourceTree = BUILT_PRODUCTS_DIR; };
		1DF5F4DF0D08C38300B7A737 /* UIKit.framework */ = {isa = PBXFileReference; lastKnownFileType = wrapper.framework; name = UIKit.framework; path = System/Library/Frameworks/UIKit.framework; sourceTree = SDKROOT; };
		282CCBFD0DB6C98000C4EA27 /* AccountSettings.xib */ = {isa = PBXFileReference; lastKnownFileType = file.xib; path = AccountSettings.xib; sourceTree = "<group>"; };
		288765070DF74369002DB57D /* CoreGraphics.framework */ = {isa = PBXFileReference; lastKnownFileType = wrapper.framework; name = CoreGraphics.framework; path = System/Library/Frameworks/CoreGraphics.framework; sourceTree = SDKROOT; };
		28AD73870D9D96C1002E5188 /* MainWindow.xib */ = {isa = PBXFileReference; lastKnownFileType = file.xib; path = MainWindow.xib; sourceTree = "<group>"; };
		29B97316FDCFA39411CA2CEA /* main.m */ = {isa = PBXFileReference; fileEncoding = 4; lastKnownFileType = sourcecode.c.objc; path = main.m; sourceTree = "<group>"; };
		D007EB3410596672008B41C4 /* AccountSettingsController.h */ = {isa = PBXFileReference; fileEncoding = 4; lastKnownFileType = sourcecode.c.h; path = AccountSettingsController.h; sourceTree = "<group>"; };
		D007EB3510596672008B41C4 /* AccountSettingsController.m */ = {isa = PBXFileReference; fileEncoding = 4; lastKnownFileType = sourcecode.c.objc; path = AccountSettingsController.m; sourceTree = "<group>"; };
		D007EB4E10599366008B41C4 /* URLEncode.h */ = {isa = PBXFileReference; fileEncoding = 4; lastKnownFileType = sourcecode.c.h; path = URLEncode.h; sourceTree = "<group>"; };
		D007EB4F10599366008B41C4 /* URLEncode.m */ = {isa = PBXFileReference; fileEncoding = 4; lastKnownFileType = sourcecode.c.objc; path = URLEncode.m; sourceTree = "<group>"; };
		D007EB8C1059A331008B41C4 /* JSON.h */ = {isa = PBXFileReference; fileEncoding = 4; lastKnownFileType = sourcecode.c.h; path = JSON.h; sourceTree = "<group>"; };
		D007EB8D1059A331008B41C4 /* NSObject+SBJSON.h */ = {isa = PBXFileReference; fileEncoding = 4; lastKnownFileType = sourcecode.c.h; path = "NSObject+SBJSON.h"; sourceTree = "<group>"; };
		D007EB8E1059A331008B41C4 /* NSObject+SBJSON.m */ = {isa = PBXFileReference; fileEncoding = 4; lastKnownFileType = sourcecode.c.objc; path = "NSObject+SBJSON.m"; sourceTree = "<group>"; };
		D007EB8F1059A331008B41C4 /* NSString+SBJSON.h */ = {isa = PBXFileReference; fileEncoding = 4; lastKnownFileType = sourcecode.c.h; path = "NSString+SBJSON.h"; sourceTree = "<group>"; };
		D007EB901059A331008B41C4 /* NSString+SBJSON.m */ = {isa = PBXFileReference; fileEncoding = 4; lastKnownFileType = sourcecode.c.objc; path = "NSString+SBJSON.m"; sourceTree = "<group>"; };
		D007EB911059A331008B41C4 /* SBJSON.h */ = {isa = PBXFileReference; fileEncoding = 4; lastKnownFileType = sourcecode.c.h; path = SBJSON.h; sourceTree = "<group>"; };
		D007EB921059A331008B41C4 /* SBJSON.m */ = {isa = PBXFileReference; fileEncoding = 4; lastKnownFileType = sourcecode.c.objc; path = SBJSON.m; sourceTree = "<group>"; };
		D007EB931059A331008B41C4 /* SBJsonBase.h */ = {isa = PBXFileReference; fileEncoding = 4; lastKnownFileType = sourcecode.c.h; path = SBJsonBase.h; sourceTree = "<group>"; };
		D007EB941059A331008B41C4 /* SBJsonBase.m */ = {isa = PBXFileReference; fileEncoding = 4; lastKnownFileType = sourcecode.c.objc; path = SBJsonBase.m; sourceTree = "<group>"; };
		D007EB951059A331008B41C4 /* SBJsonParser.h */ = {isa = PBXFileReference; fileEncoding = 4; lastKnownFileType = sourcecode.c.h; path = SBJsonParser.h; sourceTree = "<group>"; };
		D007EB961059A331008B41C4 /* SBJsonParser.m */ = {isa = PBXFileReference; fileEncoding = 4; lastKnownFileType = sourcecode.c.objc; path = SBJsonParser.m; sourceTree = "<group>"; };
		D007EB971059A331008B41C4 /* SBJsonWriter.h */ = {isa = PBXFileReference; fileEncoding = 4; lastKnownFileType = sourcecode.c.h; path = SBJsonWriter.h; sourceTree = "<group>"; };
		D007EB981059A331008B41C4 /* SBJsonWriter.m */ = {isa = PBXFileReference; fileEncoding = 4; lastKnownFileType = sourcecode.c.objc; path = SBJsonWriter.m; sourceTree = "<group>"; };
		D023AC541064EA18000CA1E7 /* ItemDetail.xib */ = {isa = PBXFileReference; lastKnownFileType = file.xib; path = ItemDetail.xib; sourceTree = "<group>"; };
		D023AC581064EC04000CA1E7 /* ItemDetailController.h */ = {isa = PBXFileReference; fileEncoding = 4; lastKnownFileType = sourcecode.c.h; path = ItemDetailController.h; sourceTree = "<group>"; };
		D023AC591064EC04000CA1E7 /* ItemDetailController.m */ = {isa = PBXFileReference; fileEncoding = 4; lastKnownFileType = sourcecode.c.objc; path = ItemDetailController.m; sourceTree = "<group>"; };
		D0269E851063C17A00DC8BE5 /* Listable_Prefix.pch */ = {isa = PBXFileReference; fileEncoding = 4; lastKnownFileType = sourcecode.c.h; path = Listable_Prefix.pch; sourceTree = "<group>"; };
		D0269E861063C17A00DC8BE5 /* Listable-Info.plist */ = {isa = PBXFileReference; fileEncoding = 4; lastKnownFileType = text.plist.xml; path = "Listable-Info.plist"; sourceTree = "<group>"; };
		D026A00F10640B1B00DC8BE5 /* ToggleImageControl.h */ = {isa = PBXFileReference; fileEncoding = 4; lastKnownFileType = sourcecode.c.h; path = ToggleImageControl.h; sourceTree = "<group>"; };
		D026A01010640B1B00DC8BE5 /* ToggleImageControl.m */ = {isa = PBXFileReference; fileEncoding = 4; lastKnownFileType = sourcecode.c.objc; path = ToggleImageControl.m; sourceTree = "<group>"; };
		D026A034106419EE00DC8BE5 /* ListItemCustomCell.h */ = {isa = PBXFileReference; fileEncoding = 4; lastKnownFileType = sourcecode.c.h; path = ListItemCustomCell.h; sourceTree = "<group>"; };
		D026A035106419EE00DC8BE5 /* ListItemCustomCell.m */ = {isa = PBXFileReference; fileEncoding = 4; lastKnownFileType = sourcecode.c.objc; path = ListItemCustomCell.m; sourceTree = "<group>"; };
		D026A03710641A3900DC8BE5 /* ListItemCustomCell.xib */ = {isa = PBXFileReference; lastKnownFileType = file.xib; path = ListItemCustomCell.xib; sourceTree = "<group>"; };
		D0480500106EA0D000C5CD5B /* DarkerButtonBackgroundRed.png */ = {isa = PBXFileReference; lastKnownFileType = image.png; path = DarkerButtonBackgroundRed.png; sourceTree = "<group>"; };
		D048054C106EAA6F00C5CD5B /* checked_larger.png */ = {isa = PBXFileReference; lastKnownFileType = image.png; path = checked_larger.png; sourceTree = "<group>"; };
		D048054E106EAA6F00C5CD5B /* unchecked_larger.png */ = {isa = PBXFileReference; lastKnownFileType = image.png; path = unchecked_larger.png; sourceTree = "<group>"; };
		D0480583106EBBA500C5CD5B /* Icon.png */ = {isa = PBXFileReference; lastKnownFileType = image.png; path = Icon.png; sourceTree = "<group>"; };
		D05FFA4A106BB54F001E1839 /* Pencil.png */ = {isa = PBXFileReference; lastKnownFileType = image.png; path = Pencil.png; sourceTree = "<group>"; };
		D05FFA4B106BB54F001E1839 /* Users.png */ = {isa = PBXFileReference; lastKnownFileType = image.png; path = Users.png; sourceTree = "<group>"; };
		D05FFA69106BBB16001E1839 /* CustomButton.h */ = {isa = PBXFileReference; fileEncoding = 4; lastKnownFileType = sourcecode.c.h; path = CustomButton.h; sourceTree = "<group>"; };
		D05FFA6A106BBB16001E1839 /* CustomButton.m */ = {isa = PBXFileReference; fileEncoding = 4; lastKnownFileType = sourcecode.c.objc; path = CustomButton.m; sourceTree = "<group>"; };
		D05FFA6C106BBB84001E1839 /* custombuttonnormal.png */ = {isa = PBXFileReference; lastKnownFileType = image.png; path = custombuttonnormal.png; sourceTree = "<group>"; };
		D05FFA6D106BBB84001E1839 /* custombuttonpressed.png */ = {isa = PBXFileReference; lastKnownFileType = image.png; path = custombuttonpressed.png; sourceTree = "<group>"; };
		D05FFAA7106BC994001E1839 /* blueButton.png */ = {isa = PBXFileReference; lastKnownFileType = image.png; path = blueButton.png; sourceTree = "<group>"; };
		D05FFAD3106BCC04001E1839 /* CancelTest.png */ = {isa = PBXFileReference; lastKnownFileType = image.png; path = CancelTest.png; sourceTree = "<group>"; };
		D05FFAFF106BD38E001E1839 /* DarkerButtonBackground.png */ = {isa = PBXFileReference; lastKnownFileType = image.png; path = DarkerButtonBackground.png; sourceTree = "<group>"; };
		D05FFB1F106BD93A001E1839 /* PencilDark.png */ = {isa = PBXFileReference; lastKnownFileType = image.png; path = PencilDark.png; sourceTree = "<group>"; };
		D06AF04010652A8800E076CF /* ShakeableTableView.h */ = {isa = PBXFileReference; fileEncoding = 4; lastKnownFileType = sourcecode.c.h; path = ShakeableTableView.h; sourceTree = "<group>"; };
		D06AF04110652A8800E076CF /* ShakeableTableView.m */ = {isa = PBXFileReference; fileEncoding = 4; lastKnownFileType = sourcecode.c.objc; path = ShakeableTableView.m; sourceTree = "<group>"; };
		D06AF1761065481400E076CF /* EditListController.h */ = {isa = PBXFileReference; fileEncoding = 4; lastKnownFileType = sourcecode.c.h; name = EditListController.h; path = ../EditListController.h; sourceTree = "<group>"; };
		D06AF1771065481400E076CF /* EditListController.m */ = {isa = PBXFileReference; fileEncoding = 4; lastKnownFileType = sourcecode.c.objc; name = EditListController.m; path = ../EditListController.m; sourceTree = "<group>"; };
		D06AF1781065481400E076CF /* EditListController.xib */ = {isa = PBXFileReference; lastKnownFileType = file.xib; path = EditListController.xib; sourceTree = "<group>"; };
		D07465A5105C72A600077F03 /* EmailSelectionController.h */ = {isa = PBXFileReference; fileEncoding = 4; lastKnownFileType = sourcecode.c.h; path = EmailSelectionController.h; sourceTree = "<group>"; };
		D07465A6105C72A600077F03 /* EmailSelectionController.m */ = {isa = PBXFileReference; fileEncoding = 4; lastKnownFileType = sourcecode.c.objc; path = EmailSelectionController.m; sourceTree = "<group>"; };
		D08C9098105A653E0053DA73 /* ListsController.h */ = {isa = PBXFileReference; fileEncoding = 4; lastKnownFileType = sourcecode.c.h; path = ListsController.h; sourceTree = "<group>"; };
		D08C9099105A653E0053DA73 /* ListsController.m */ = {isa = PBXFileReference; fileEncoding = 4; lastKnownFileType = sourcecode.c.objc; path = ListsController.m; sourceTree = "<group>"; };
		D08C90DA105A6CD40053DA73 /* ItemList.h */ = {isa = PBXFileReference; fileEncoding = 4; lastKnownFileType = sourcecode.c.h; path = ItemList.h; sourceTree = "<group>"; };
		D08C90DB105A6CD40053DA73 /* ItemList.m */ = {isa = PBXFileReference; fileEncoding = 4; lastKnownFileType = sourcecode.c.objc; path = ItemList.m; sourceTree = "<group>"; };
		D08C915D105A89800053DA73 /* ListItemsController.h */ = {isa = PBXFileReference; fileEncoding = 4; lastKnownFileType = sourcecode.c.h; path = ListItemsController.h; sourceTree = "<group>"; };
		D08C915E105A89800053DA73 /* ListItemsController.m */ = {isa = PBXFileReference; fileEncoding = 4; lastKnownFileType = sourcecode.c.objc; path = ListItemsController.m; sourceTree = "<group>"; };
		D08C918D105A8F860053DA73 /* Item.h */ = {isa = PBXFileReference; fileEncoding = 4; lastKnownFileType = sourcecode.c.h; path = Item.h; sourceTree = "<group>"; };
		D08C918E105A8F860053DA73 /* Item.m */ = {isa = PBXFileReference; fileEncoding = 4; lastKnownFileType = sourcecode.c.objc; path = Item.m; sourceTree = "<group>"; };
		D08C92E0105ABA7D0053DA73 /* AddListController.h */ = {isa = PBXFileReference; fileEncoding = 4; lastKnownFileType = sourcecode.c.h; path = AddListController.h; sourceTree = "<group>"; };
		D08C92E1105ABA7D0053DA73 /* AddListController.m */ = {isa = PBXFileReference; fileEncoding = 4; lastKnownFileType = sourcecode.c.objc; path = AddListController.m; sourceTree = "<group>"; };
		D08C92E2105ABA7D0053DA73 /* AddList.xib */ = {isa = PBXFileReference; lastKnownFileType = file.xib; path = AddList.xib; sourceTree = "<group>"; };
		D0AADB89105E6C6000652E19 /* Entitlements.plist */ = {isa = PBXFileReference; fileEncoding = 4; lastKnownFileType = text.plist.xml; path = Entitlements.plist; sourceTree = "<group>"; };
		D0AADCDF10600A5D00652E19 /* CollaboratorsController.h */ = {isa = PBXFileReference; fileEncoding = 4; lastKnownFileType = sourcecode.c.h; path = CollaboratorsController.h; sourceTree = "<group>"; };
		D0AADCE010600A5D00652E19 /* CollaboratorsController.m */ = {isa = PBXFileReference; fileEncoding = 4; lastKnownFileType = sourcecode.c.objc; path = CollaboratorsController.m; sourceTree = "<group>"; };
		D0AADDB21060487200652E19 /* Collaborator.h */ = {isa = PBXFileReference; fileEncoding = 4; lastKnownFileType = sourcecode.c.h; path = Collaborator.h; sourceTree = "<group>"; };
		D0AADDB31060487200652E19 /* Collaborator.m */ = {isa = PBXFileReference; fileEncoding = 4; lastKnownFileType = sourcecode.c.objc; path = Collaborator.m; sourceTree = "<group>"; };
		D0AAE012106198AF00652E19 /* StatusDisplay.h */ = {isa = PBXFileReference; fileEncoding = 4; lastKnownFileType = sourcecode.c.h; path = StatusDisplay.h; sourceTree = "<group>"; };
		D0AAE013106198AF00652E19 /* StatusDisplay.m */ = {isa = PBXFileReference; fileEncoding = 4; lastKnownFileType = sourcecode.c.objc; path = StatusDisplay.m; sourceTree = "<group>"; };
		D0C54A7610657BFE0093DBA6 /* StringHelper.m */ = {isa = PBXFileReference; fileEncoding = 4; lastKnownFileType = sourcecode.c.objc; path = StringHelper.m; sourceTree = "<group>"; };
		D0C54A7B10657C0F0093DBA6 /* StringHelper.h */ = {isa = PBXFileReference; fileEncoding = 4; lastKnownFileType = sourcecode.c.h; path = StringHelper.h; sourceTree = "<group>"; };
		D0C54B1210658E340093DBA6 /* Default.png */ = {isa = PBXFileReference; lastKnownFileType = image.png; path = Default.png; sourceTree = "<group>"; };
		D0C54BE510666EFC0093DBA6 /* CurrentSessionController.h */ = {isa = PBXFileReference; fileEncoding = 4; lastKnownFileType = sourcecode.c.h; name = CurrentSessionController.h; path = ../CurrentSessionController.h; sourceTree = "<group>"; };
		D0C54BE610666EFC0093DBA6 /* CurrentSessionController.m */ = {isa = PBXFileReference; fileEncoding = 4; lastKnownFileType = sourcecode.c.objc; name = CurrentSessionController.m; path = ../CurrentSessionController.m; sourceTree = "<group>"; };
		D0C54BE710666EFC0093DBA6 /* CurrentSessionController.xib */ = {isa = PBXFileReference; lastKnownFileType = file.xib; path = CurrentSessionController.xib; sourceTree = "<group>"; };
		D0C54E321067C2440093DBA6 /* SystemConfiguration.framework */ = {isa = PBXFileReference; lastKnownFileType = wrapper.framework; name = SystemConfiguration.framework; path = /System/Library/Frameworks/SystemConfiguration.framework; sourceTree = "<absolute>"; };
		D0C54F741067FD910093DBA6 /* SynthesizeSingleton.h */ = {isa = PBXFileReference; fileEncoding = 4; lastKnownFileType = sourcecode.c.h; name = SynthesizeSingleton.h; path = ../SynthesizeSingleton.h; sourceTree = "<group>"; };
		D0C54F751067FDA20093DBA6 /* UserSettings.h */ = {isa = PBXFileReference; fileEncoding = 4; lastKnownFileType = sourcecode.c.h; name = UserSettings.h; path = ../UserSettings.h; sourceTree = "<group>"; };
		D0C54F761067FDA20093DBA6 /* UserSettings.m */ = {isa = PBXFileReference; fileEncoding = 4; lastKnownFileType = sourcecode.c.objc; name = UserSettings.m; path = ../UserSettings.m; sourceTree = "<group>"; };
		D0C551851068FB820093DBA6 /* TimedURLConnection.h */ = {isa = PBXFileReference; fileEncoding = 4; lastKnownFileType = sourcecode.c.h; path = TimedURLConnection.h; sourceTree = "<group>"; };
		D0C551861068FB820093DBA6 /* TimedURLConnection.m */ = {isa = PBXFileReference; fileEncoding = 4; lastKnownFileType = sourcecode.c.objc; path = TimedURLConnection.m; sourceTree = "<group>"; };
		D0C5527F10691F910093DBA6 /* TimedConnection.h */ = {isa = PBXFileReference; fileEncoding = 4; lastKnownFileType = sourcecode.c.h; path = TimedConnection.h; sourceTree = "<group>"; };
		D0C940E11062DAA100C9B8EF /* AuthenticationChecker.h */ = {isa = PBXFileReference; fileEncoding = 4; lastKnownFileType = sourcecode.c.h; path = AuthenticationChecker.h; sourceTree = "<group>"; };
		D0C940E21062DAA100C9B8EF /* AuthenticationChecker.m */ = {isa = PBXFileReference; fileEncoding = 4; lastKnownFileType = sourcecode.c.objc; path = AuthenticationChecker.m; sourceTree = "<group>"; };
		D0C941B3106307E700C9B8EF /* tabbar_key.png */ = {isa = PBXFileReference; lastKnownFileType = image.png; path = tabbar_key.png; sourceTree = "<group>"; };
		D0C941F0106314F200C9B8EF /* tabbar_checkmark.png */ = {isa = PBXFileReference; lastKnownFileType = image.png; path = tabbar_checkmark.png; sourceTree = "<group>"; };
		D0CA9FB0105AF45F00C5D610 /* AddListItemController.h */ = {isa = PBXFileReference; fileEncoding = 4; lastKnownFileType = sourcecode.c.h; path = AddListItemController.h; sourceTree = "<group>"; };
		D0CA9FB1105AF45F00C5D610 /* AddListItemController.m */ = {isa = PBXFileReference; fileEncoding = 4; lastKnownFileType = sourcecode.c.objc; path = AddListItemController.m; sourceTree = "<group>"; };
		D0CA9FB3105AF78200C5D610 /* AddListItem.xib */ = {isa = PBXFileReference; lastKnownFileType = file.xib; path = AddListItem.xib; sourceTree = "<group>"; };
		D0CAA0A2105B4F7300C5D610 /* Constants.h */ = {isa = PBXFileReference; fileEncoding = 4; lastKnownFileType = sourcecode.c.h; path = Constants.h; sourceTree = "<group>"; };
		D0CAA14D105BD76200C5D610 /* AddressBook.framework */ = {isa = PBXFileReference; lastKnownFileType = wrapper.framework; name = AddressBook.framework; path = /System/Library/Frameworks/AddressBook.framework; sourceTree = "<absolute>"; };
		D0CAA1F9105C0A7900C5D610 /* AddressBookUI.framework */ = {isa = PBXFileReference; lastKnownFileType = wrapper.framework; name = AddressBookUI.framework; path = System/Library/Frameworks/AddressBookUI.framework; sourceTree = SDKROOT; };
		D0E52BA51088E76600580B51 /* rounded-text-border.png */ = {isa = PBXFileReference; lastKnownFileType = image.png; path = "rounded-text-border.png"; sourceTree = "<group>"; };
/* End PBXFileReference section */

/* Begin PBXFrameworksBuildPhase section */
		1D60588F0D05DD3D006BFB54 /* Frameworks */ = {
			isa = PBXFrameworksBuildPhase;
			buildActionMask = 2147483647;
			files = (
				1D60589F0D05DD5A006BFB54 /* Foundation.framework in Frameworks */,
				1DF5F4E00D08C38300B7A737 /* UIKit.framework in Frameworks */,
				288765080DF74369002DB57D /* CoreGraphics.framework in Frameworks */,
				D0CAA14E105BD76200C5D610 /* AddressBook.framework in Frameworks */,
				D0CAA1FA105C0A7900C5D610 /* AddressBookUI.framework in Frameworks */,
				D0C54E331067C2440093DBA6 /* SystemConfiguration.framework in Frameworks */,
			);
			runOnlyForDeploymentPostprocessing = 0;
		};
/* End PBXFrameworksBuildPhase section */

/* Begin PBXGroup section */
		080E96DDFE201D6D7F000001 /* Classes */ = {
			isa = PBXGroup;
			children = (
				D007EB8B1059A331008B41C4 /* JSON */,
				1D3623240D0F684500981E51 /* SharedListAppDelegate.h */,
				1D3623250D0F684500981E51 /* SharedListAppDelegate.m */,
				D007EB3410596672008B41C4 /* AccountSettingsController.h */,
				D007EB3510596672008B41C4 /* AccountSettingsController.m */,
				D007EB4E10599366008B41C4 /* URLEncode.h */,
				D007EB4F10599366008B41C4 /* URLEncode.m */,
				D08C9098105A653E0053DA73 /* ListsController.h */,
				D08C9099105A653E0053DA73 /* ListsController.m */,
				D0C54F741067FD910093DBA6 /* SynthesizeSingleton.h */,
				D08C90DA105A6CD40053DA73 /* ItemList.h */,
				D08C90DB105A6CD40053DA73 /* ItemList.m */,
				D08C918D105A8F860053DA73 /* Item.h */,
				D08C918E105A8F860053DA73 /* Item.m */,
				D0C54A7B10657C0F0093DBA6 /* StringHelper.h */,
				D0C54A7610657BFE0093DBA6 /* StringHelper.m */,
				D08C92E0105ABA7D0053DA73 /* AddListController.h */,
				D08C92E1105ABA7D0053DA73 /* AddListController.m */,
				D08C92E2105ABA7D0053DA73 /* AddList.xib */,
				D0C54BE510666EFC0093DBA6 /* CurrentSessionController.h */,
				D0C54BE610666EFC0093DBA6 /* CurrentSessionController.m */,
				D0CA9FB0105AF45F00C5D610 /* AddListItemController.h */,
				D0CA9FB1105AF45F00C5D610 /* AddListItemController.m */,
				D0CAA0A2105B4F7300C5D610 /* Constants.h */,
				D07465A5105C72A600077F03 /* EmailSelectionController.h */,
				D07465A6105C72A600077F03 /* EmailSelectionController.m */,
				D0AADCDF10600A5D00652E19 /* CollaboratorsController.h */,
				D0AADCE010600A5D00652E19 /* CollaboratorsController.m */,
				D0AADDB21060487200652E19 /* Collaborator.h */,
				D0AADDB31060487200652E19 /* Collaborator.m */,
				D0AAE012106198AF00652E19 /* StatusDisplay.h */,
				D0AAE013106198AF00652E19 /* StatusDisplay.m */,
				D0C940E11062DAA100C9B8EF /* AuthenticationChecker.h */,
				D0C940E21062DAA100C9B8EF /* AuthenticationChecker.m */,
				D026A00F10640B1B00DC8BE5 /* ToggleImageControl.h */,
				D06AF1761065481400E076CF /* EditListController.h */,
				D06AF1771065481400E076CF /* EditListController.m */,
				D0C54F751067FDA20093DBA6 /* UserSettings.h */,
				D0C54F761067FDA20093DBA6 /* UserSettings.m */,
				D026A01010640B1B00DC8BE5 /* ToggleImageControl.m */,
				D08C915D105A89800053DA73 /* ListItemsController.h */,
				D08C915E105A89800053DA73 /* ListItemsController.m */,
				D026A034106419EE00DC8BE5 /* ListItemCustomCell.h */,
				D026A035106419EE00DC8BE5 /* ListItemCustomCell.m */,
				D023AC581064EC04000CA1E7 /* ItemDetailController.h */,
				D023AC591064EC04000CA1E7 /* ItemDetailController.m */,
				D06AF04010652A8800E076CF /* ShakeableTableView.h */,
				D06AF04110652A8800E076CF /* ShakeableTableView.m */,
				D0C551851068FB820093DBA6 /* TimedURLConnection.h */,
				D0C551861068FB820093DBA6 /* TimedURLConnection.m */,
				D0C5527F10691F910093DBA6 /* TimedConnection.h */,
				D05FFA69106BBB16001E1839 /* CustomButton.h */,
				D05FFA6A106BBB16001E1839 /* CustomButton.m */,
			);
			path = Classes;
			sourceTree = "<group>";
		};
		19C28FACFE9D520D11CA2CBB /* Products */ = {
			isa = PBXGroup;
			children = (
				1D6058910D05DD3D006BFB54 /* Listable.app */,
			);
			name = Products;
			sourceTree = "<group>";
		};
		29B97314FDCFA39411CA2CEA /* SharedList */ = {
			isa = PBXGroup;
			children = (
				D0269E861063C17A00DC8BE5 /* Listable-Info.plist */,
				D0C941F0106314F200C9B8EF /* tabbar_checkmark.png */,
				D05FFAFF106BD38E001E1839 /* DarkerButtonBackground.png */,
				D05FFA4A106BB54F001E1839 /* Pencil.png */,
				D0480500106EA0D000C5CD5B /* DarkerButtonBackgroundRed.png */,
				D05FFA4B106BB54F001E1839 /* Users.png */,
				D05FFB1F106BD93A001E1839 /* PencilDark.png */,
				D0480583106EBBA500C5CD5B /* Icon.png */,
				D05FFAD3106BCC04001E1839 /* CancelTest.png */,
				D0C941B3106307E700C9B8EF /* tabbar_key.png */,
				D0E52BA51088E76600580B51 /* rounded-text-border.png */,
				D048054C106EAA6F00C5CD5B /* checked_larger.png */,
				D048054E106EAA6F00C5CD5B /* unchecked_larger.png */,
				D0C54B1210658E340093DBA6 /* Default.png */,
				D05FFAA7106BC994001E1839 /* blueButton.png */,
				D05FFA6C106BBB84001E1839 /* custombuttonnormal.png */,
				D05FFA6D106BBB84001E1839 /* custombuttonpressed.png */,
				080E96DDFE201D6D7F000001 /* Classes */,
				29B97315FDCFA39411CA2CEA /* Other Sources */,
				29B97317FDCFA39411CA2CEA /* Resources */,
				29B97323FDCFA39411CA2CEA /* Frameworks */,
				19C28FACFE9D520D11CA2CBB /* Products */,
				D0CA9FB3105AF78200C5D610 /* AddListItem.xib */,
				D0AADB89105E6C6000652E19 /* Entitlements.plist */,
				D026A03710641A3900DC8BE5 /* ListItemCustomCell.xib */,
				D023AC541064EA18000CA1E7 /* ItemDetail.xib */,
				D06AF1781065481400E076CF /* EditListController.xib */,
				D0C54BE710666EFC0093DBA6 /* CurrentSessionController.xib */,
			);
			name = SharedList;
			sourceTree = "<group>";
		};
		29B97315FDCFA39411CA2CEA /* Other Sources */ = {
			isa = PBXGroup;
			children = (
				29B97316FDCFA39411CA2CEA /* main.m */,
			);
			name = "Other Sources";
			sourceTree = "<group>";
		};
		29B97317FDCFA39411CA2CEA /* Resources */ = {
			isa = PBXGroup;
			children = (
				D0269E851063C17A00DC8BE5 /* Listable_Prefix.pch */,
				282CCBFD0DB6C98000C4EA27 /* AccountSettings.xib */,
				28AD73870D9D96C1002E5188 /* MainWindow.xib */,
			);
			name = Resources;
			sourceTree = "<group>";
		};
		29B97323FDCFA39411CA2CEA /* Frameworks */ = {
			isa = PBXGroup;
			children = (
				1DF5F4DF0D08C38300B7A737 /* UIKit.framework */,
				1D30AB110D05D00D00671497 /* Foundation.framework */,
				288765070DF74369002DB57D /* CoreGraphics.framework */,
				D0CAA14D105BD76200C5D610 /* AddressBook.framework */,
				D0CAA1F9105C0A7900C5D610 /* AddressBookUI.framework */,
				D0C54E321067C2440093DBA6 /* SystemConfiguration.framework */,
			);
			name = Frameworks;
			sourceTree = "<group>";
		};
		D007EB8B1059A331008B41C4 /* JSON */ = {
			isa = PBXGroup;
			children = (
				D007EB8C1059A331008B41C4 /* JSON.h */,
				D007EB8D1059A331008B41C4 /* NSObject+SBJSON.h */,
				D007EB8E1059A331008B41C4 /* NSObject+SBJSON.m */,
				D007EB8F1059A331008B41C4 /* NSString+SBJSON.h */,
				D007EB901059A331008B41C4 /* NSString+SBJSON.m */,
				D007EB911059A331008B41C4 /* SBJSON.h */,
				D007EB921059A331008B41C4 /* SBJSON.m */,
				D007EB931059A331008B41C4 /* SBJsonBase.h */,
				D007EB941059A331008B41C4 /* SBJsonBase.m */,
				D007EB951059A331008B41C4 /* SBJsonParser.h */,
				D007EB961059A331008B41C4 /* SBJsonParser.m */,
				D007EB971059A331008B41C4 /* SBJsonWriter.h */,
				D007EB981059A331008B41C4 /* SBJsonWriter.m */,
			);
			path = JSON;
			sourceTree = "<group>";
		};
/* End PBXGroup section */

/* Begin PBXNativeTarget section */
		1D6058900D05DD3D006BFB54 /* Listable */ = {
			isa = PBXNativeTarget;
			buildConfigurationList = 1D6058960D05DD3E006BFB54 /* Build configuration list for PBXNativeTarget "Listable" */;
			buildPhases = (
				1D60588D0D05DD3D006BFB54 /* Resources */,
				1D60588E0D05DD3D006BFB54 /* Sources */,
				1D60588F0D05DD3D006BFB54 /* Frameworks */,
			);
			buildRules = (
			);
			dependencies = (
			);
			name = Listable;
			productName = SharedList;
			productReference = 1D6058910D05DD3D006BFB54 /* Listable.app */;
			productType = "com.apple.product-type.application";
		};
/* End PBXNativeTarget section */

/* Begin PBXProject section */
		29B97313FDCFA39411CA2CEA /* Project object */ = {
			isa = PBXProject;
			attributes = {
				ORGANIZATIONNAME = BlockStackers;
			};
			buildConfigurationList = C01FCF4E08A954540054247B /* Build configuration list for PBXProject "Listable" */;
			compatibilityVersion = "Xcode 3.1";
			hasScannedForEncodings = 1;
			mainGroup = 29B97314FDCFA39411CA2CEA /* SharedList */;
			projectDirPath = "";
			projectRoot = "";
			targets = (
				1D6058900D05DD3D006BFB54 /* Listable */,
			);
		};
/* End PBXProject section */

/* Begin PBXResourcesBuildPhase section */
		1D60588D0D05DD3D006BFB54 /* Resources */ = {
			isa = PBXResourcesBuildPhase;
			buildActionMask = 2147483647;
			files = (
				28AD73880D9D96C1002E5188 /* MainWindow.xib in Resources */,
				282CCBFE0DB6C98000C4EA27 /* AccountSettings.xib in Resources */,
				D08C92E4105ABA7D0053DA73 /* AddList.xib in Resources */,
				D0CA9FB4105AF78200C5D610 /* AddListItem.xib in Resources */,
				D0AADB8A105E6C6000652E19 /* Entitlements.plist in Resources */,
				D0C941B4106307E700C9B8EF /* tabbar_key.png in Resources */,
				D0C941F1106314F200C9B8EF /* tabbar_checkmark.png in Resources */,
				D026A03810641A3900DC8BE5 /* ListItemCustomCell.xib in Resources */,
				D023AC551064EA18000CA1E7 /* ItemDetail.xib in Resources */,
				D06AF17A1065481400E076CF /* EditListController.xib in Resources */,
				D0C54B1310658E340093DBA6 /* Default.png in Resources */,
				D0C54BE910666EFC0093DBA6 /* CurrentSessionController.xib in Resources */,
				D05FFA4C106BB54F001E1839 /* Pencil.png in Resources */,
				D05FFA4D106BB54F001E1839 /* Users.png in Resources */,
				D05FFA6E106BBB84001E1839 /* custombuttonnormal.png in Resources */,
				D05FFA6F106BBB84001E1839 /* custombuttonpressed.png in Resources */,
				D05FFAA8106BC994001E1839 /* blueButton.png in Resources */,
				D05FFAD4106BCC04001E1839 /* CancelTest.png in Resources */,
				D05FFB00106BD38E001E1839 /* DarkerButtonBackground.png in Resources */,
				D05FFB20106BD93A001E1839 /* PencilDark.png in Resources */,
				D0480501106EA0D000C5CD5B /* DarkerButtonBackgroundRed.png in Resources */,
				D0480550106EAA7000C5CD5B /* checked_larger.png in Resources */,
				D0480552106EAA7000C5CD5B /* unchecked_larger.png in Resources */,
				D0480584106EBBA500C5CD5B /* Icon.png in Resources */,
				D0E52BA61088E76600580B51 /* rounded-text-border.png in Resources */,
			);
			runOnlyForDeploymentPostprocessing = 0;
		};
/* End PBXResourcesBuildPhase section */

/* Begin PBXSourcesBuildPhase section */
		1D60588E0D05DD3D006BFB54 /* Sources */ = {
			isa = PBXSourcesBuildPhase;
			buildActionMask = 2147483647;
			files = (
				1D60589B0D05DD56006BFB54 /* main.m in Sources */,
				1D3623260D0F684500981E51 /* SharedListAppDelegate.m in Sources */,
				D007EB3610596672008B41C4 /* AccountSettingsController.m in Sources */,
				D007EB5010599366008B41C4 /* URLEncode.m in Sources */,
				D007EB991059A331008B41C4 /* NSObject+SBJSON.m in Sources */,
				D007EB9A1059A331008B41C4 /* NSString+SBJSON.m in Sources */,
				D007EB9B1059A331008B41C4 /* SBJSON.m in Sources */,
				D007EB9C1059A331008B41C4 /* SBJsonBase.m in Sources */,
				D007EB9D1059A331008B41C4 /* SBJsonParser.m in Sources */,
				D007EB9E1059A331008B41C4 /* SBJsonWriter.m in Sources */,
				D08C909A105A653E0053DA73 /* ListsController.m in Sources */,
				D08C90DC105A6CD40053DA73 /* ItemList.m in Sources */,
				D08C915F105A89800053DA73 /* ListItemsController.m in Sources */,
				D08C918F105A8F860053DA73 /* Item.m in Sources */,
				D08C92E3105ABA7D0053DA73 /* AddListController.m in Sources */,
				D0CA9FB2105AF45F00C5D610 /* AddListItemController.m in Sources */,
				D07465A7105C72A600077F03 /* EmailSelectionController.m in Sources */,
				D0AADCE110600A5D00652E19 /* CollaboratorsController.m in Sources */,
				D0AADDB41060487200652E19 /* Collaborator.m in Sources */,
				D0AAE014106198AF00652E19 /* StatusDisplay.m in Sources */,
				D0C940E31062DAA100C9B8EF /* AuthenticationChecker.m in Sources */,
				D026A01110640B1B00DC8BE5 /* ToggleImageControl.m in Sources */,
				D026A036106419EE00DC8BE5 /* ListItemCustomCell.m in Sources */,
				D023AC5A1064EC04000CA1E7 /* ItemDetailController.m in Sources */,
				D06AF04210652A8800E076CF /* ShakeableTableView.m in Sources */,
				D06AF1791065481400E076CF /* EditListController.m in Sources */,
				D0C54A7810657BFE0093DBA6 /* StringHelper.m in Sources */,
				D0C54BE810666EFC0093DBA6 /* CurrentSessionController.m in Sources */,
				D0C54F771067FDA20093DBA6 /* UserSettings.m in Sources */,
				D0C551871068FB820093DBA6 /* TimedURLConnection.m in Sources */,
				D05FFA6B106BBB16001E1839 /* CustomButton.m in Sources */,
			);
			runOnlyForDeploymentPostprocessing = 0;
		};
/* End PBXSourcesBuildPhase section */

/* Begin XCBuildConfiguration section */
		1D6058940D05DD3E006BFB54 /* Debug */ = {
			isa = XCBuildConfiguration;
			buildSettings = {
				ALWAYS_SEARCH_USER_PATHS = NO;
				CODE_SIGN_ENTITLEMENTS = "";
				CODE_SIGN_IDENTITY = "iPhone Developer";
				"CODE_SIGN_IDENTITY[sdk=iphoneos*]" = "iPhone Developer";
				COPY_PHASE_STRIP = NO;
				GCC_DYNAMIC_NO_PIC = NO;
				GCC_OPTIMIZATION_LEVEL = 0;
				GCC_PRECOMPILE_PREFIX_HEADER = YES;
				GCC_PREFIX_HEADER = Listable_Prefix.pch;
				INFOPLIST_FILE = "Listable-Info.plist";
				PRODUCT_NAME = Listable;
				PROVISIONING_PROFILE = "";
				"PROVISIONING_PROFILE[sdk=iphoneos*]" = "";
				SDKROOT = iphoneos3.0;
			};
			name = Debug;
		};
		1D6058950D05DD3E006BFB54 /* Release */ = {
			isa = XCBuildConfiguration;
			buildSettings = {
				ALWAYS_SEARCH_USER_PATHS = NO;
				CODE_SIGN_ENTITLEMENTS = Entitlements.plist;
				CODE_SIGN_IDENTITY = "iPhone Distribution: Justin Leitgeb";
				"CODE_SIGN_IDENTITY[sdk=iphoneos*]" = "iPhone Distribution: Justin Leitgeb";
				COPY_PHASE_STRIP = YES;
				GCC_PRECOMPILE_PREFIX_HEADER = YES;
				GCC_PREFIX_HEADER = Listable_Prefix.pch;
				INFOPLIST_FILE = "Listable-Info.plist";
				PRODUCT_NAME = Listable;
				PROVISIONING_PROFILE = "DEAF4A0D-BCC7-4627-98F0-D66A9D6B9BE7";
				"PROVISIONING_PROFILE[sdk=iphoneos*]" = "DEAF4A0D-BCC7-4627-98F0-D66A9D6B9BE7";
			};
			name = Release;
		};
		C01FCF4F08A954540054247B /* Debug */ = {
			isa = XCBuildConfiguration;
			buildSettings = {
				ARCHS = "$(ARCHS_STANDARD_32_BIT)";
				"CODE_SIGN_IDENTITY[sdk=iphoneos*]" = "iPhone Developer";
				GCC_C_LANGUAGE_STANDARD = c99;
				GCC_WARN_ABOUT_RETURN_TYPE = YES;
				GCC_WARN_UNUSED_VARIABLE = YES;
				PREBINDING = NO;
				SDKROOT = iphoneos3.1;
			};
			name = Debug;
		};
		C01FCF5008A954540054247B /* Release */ = {
			isa = XCBuildConfiguration;
			buildSettings = {
				ARCHS = "$(ARCHS_STANDARD_32_BIT)";
				"CODE_SIGN_IDENTITY[sdk=iphoneos*]" = "iPhone Developer";
				GCC_C_LANGUAGE_STANDARD = c99;
				GCC_WARN_ABOUT_RETURN_TYPE = YES;
				GCC_WARN_UNUSED_VARIABLE = YES;
				PREBINDING = NO;
				SDKROOT = iphoneos3.1;
			};
			name = Release;
		};
/* End XCBuildConfiguration section */

/* Begin XCConfigurationList section */
		1D6058960D05DD3E006BFB54 /* Build configuration list for PBXNativeTarget "Listable" */ = {
			isa = XCConfigurationList;
			buildConfigurations = (
				1D6058940D05DD3E006BFB54 /* Debug */,
				1D6058950D05DD3E006BFB54 /* Release */,
			);
			defaultConfigurationIsVisible = 0;
			defaultConfigurationName = Release;
		};
		C01FCF4E08A954540054247B /* Build configuration list for PBXProject "Listable" */ = {
			isa = XCConfigurationList;
			buildConfigurations = (
				C01FCF4F08A954540054247B /* Debug */,
				C01FCF5008A954540054247B /* Release */,
			);
			defaultConfigurationIsVisible = 0;
			defaultConfigurationName = Release;
		};
/* End XCConfigurationList section */
	};
	rootObject = 29B97313FDCFA39411CA2CEA /* Project object */;
}
